
Microsoft Visual Studio Solution File, Format Version 11.00
# Visual Studio 2010
Project("{FAE04EC0-301F-11D3-BF4B-00C04F79EFBC}") = "Spring.VisualStudio", "src\Spring.VisualStudio\Spring.VisualStudio.2010.csproj", "{C65A79D9-BB88-4D52-AC51-9ABE74C225F9}"
EndProject
Project("{2150E333-8FDC-42A3-9474-1A3956D46DE8}") = "Solution Items", "Solution Items", "{A9911CE8-59A1-4457-B344-B1C0846D83AA}"
	ProjectSection(SolutionItems) = preProject
		changelog.txt = changelog.txt
		setup\src\Product.wxs = setup\src\Product.wxs
		readme.txt = readme.txt
		Spring.VisualStudio.build = Spring.VisualStudio.build
		setup\src\Spring.VisualStudio.2010.wixproj = setup\src\Spring.VisualStudio.2010.wixproj
	EndProjectSection
EndProject
Global
	GlobalSection(SolutionConfigurationPlatforms) = preSolution
		Debug|Any CPU = Debug|Any CPU
		Debug|Mixed Platforms = Debug|Mixed Platforms
		Debug|x86 = Debug|x86
		Release|Any CPU = Release|Any CPU
		Release|Mixed Platforms = Release|Mixed Platforms
		Release|x86 = Release|x86
	EndGlobalSection
	GlobalSection(ProjectConfigurationPlatforms) = postSolution
		{C65A79D9-BB88-4D52-AC51-9ABE74C225F9}.Debug|Any CPU.ActiveCfg = Debug|Any CPU
		{C65A79D9-BB88-4D52-AC51-9ABE74C225F9}.Debug|Any CPU.Build.0 = Debug|Any CPU
		{C65A79D9-BB88-4D52-AC51-9ABE74C225F9}.Debug|Mixed Platforms.ActiveCfg = Debug|Any CPU
		{C65A79D9-BB88-4D52-AC51-9ABE74C225F9}.Debug|Mixed Platforms.Build.0 = Debug|Any CPU
		{C65A79D9-BB88-4D52-AC51-9ABE74C225F9}.Debug|x86.ActiveCfg = Debug|Any CPU
		{C65A79D9-BB88-4D52-AC51-9ABE74C225F9}.Release|Any CPU.ActiveCfg = Release|Any CPU
		{C65A79D9-BB88-4D52-AC51-9ABE74C225F9}.Release|Any CPU.Build.0 = Release|Any CPU
		{C65A79D9-BB88-4D52-AC51-9ABE74C225F9}.Release|Mixed Platforms.ActiveCfg = Release|Any CPU
		{C65A79D9-BB88-4D52-AC51-9ABE74C225F9}.Release|Mixed Platforms.Build.0 = Release|Any CPU
		{C65A79D9-BB88-4D52-AC51-9ABE74C225F9}.Release|x86.ActiveCfg = Release|Any CPU
	EndGlobalSection
	GlobalSection(SolutionProperties) = preSolution
		HideSolutionNode = FALSE
	EndGlobalSection
EndGlobal
